<?xml version="1.0" encoding="utf-8"?>
<Project ToolsVersion="18.0" xmlns="http://schemas.microsoft.com/developer/msbuild/2003">
  <ItemGroup>
    <ClCompile Include="D:\fdlang\compiler\src\main.cpp">
      <Filter>Source Files</Filter>
    </ClCompile>
    <ClCompile Include="D:\fdlang\compiler\src\AST\ASTNode.cpp">
      <Filter>Source Files</Filter>
    </ClCompile>
    <ClCompile Include="D:\fdlang\compiler\src\AST\CloneImpl.cpp">
      <Filter>Source Files</Filter>
    </ClCompile>
    <ClCompile Include="D:\fdlang\compiler\src\FrontEnd\ASTTransformer.cpp">
      <Filter>Source Files</Filter>
    </ClCompile>
    <ClCompile Include="D:\fdlang\compiler\src\FrontEnd\ImportResolver.cpp">
      <Filter>Source Files</Filter>
    </ClCompile>
    <ClCompile Include="D:\fdlang\compiler\src\FrontEnd\Lexer.cpp">
      <Filter>Source Files</Filter>
    </ClCompile>
    <ClCompile Include="D:\fdlang\compiler\src\FrontEnd\LifetimeElider.cpp">
      <Filter>Source Files</Filter>
    </ClCompile>
    <ClCompile Include="D:\fdlang\compiler\src\FrontEnd\MacroCollector.cpp">
      <Filter>Source Files</Filter>
    </ClCompile>
    <ClCompile Include="D:\fdlang\compiler\src\FrontEnd\MacroExpander.cpp">
      <Filter>Source Files</Filter>
    </ClCompile>
    <ClCompile Include="D:\fdlang\compiler\src\FrontEnd\MacroRegistry.cpp">
      <Filter>Source Files</Filter>
    </ClCompile>
    <ClCompile Include="D:\fdlang\compiler\src\FrontEnd\MacroResolver.cpp">
      <Filter>Source Files</Filter>
    </ClCompile>
    <ClCompile Include="D:\fdlang\compiler\src\FrontEnd\MacroValidator.cpp">
      <Filter>Source Files</Filter>
    </ClCompile>
    <ClCompile Include="D:\fdlang\compiler\src\FrontEnd\Parser.cpp">
      <Filter>Source Files</Filter>
    </ClCompile>
    <ClCompile Include="D:\fdlang\compiler\src\FrontEnd\PlaceholderReplacer.cpp">
      <Filter>Source Files</Filter>
    </ClCompile>
    <ClCompile Include="D:\fdlang\compiler\src\MiddleEnd\SymbolTable.cpp">
      <Filter>Source Files</Filter>
    </ClCompile>
    <ClCompile Include="D:\fdlang\compiler\src\MiddleEnd\Resolver.cpp">
      <Filter>Source Files</Filter>
    </ClCompile>
    <ClCompile Include="D:\fdlang\compiler\src\MiddleEnd\TypeChecker.cpp">
      <Filter>Source Files</Filter>
    </ClCompile>
    <ClCompile Include="D:\fdlang\compiler\src\MiddleEnd\CFG.cpp">
      <Filter>Source Files</Filter>
    </ClCompile>
    <ClCompile Include="D:\fdlang\compiler\src\MiddleEnd\MatchAnalyzer.cpp">
      <Filter>Source Files</Filter>
    </ClCompile>
    <ClCompile Include="D:\fdlang\compiler\src\MiddleEnd\EscapeAnalyzer.cpp">
      <Filter>Source Files</Filter>
    </ClCompile>
    <ClCompile Include="D:\fdlang\compiler\src\MiddleEnd\BorrowAnalyzer.cpp">
      <Filter>Source Files</Filter>
    </ClCompile>
    <ClCompile Include="D:\fdlang\compiler\src\MiddleEnd\LivenessAnalyzer.cpp">
      <Filter>Source Files</Filter>
    </ClCompile>
    <ClCompile Include="D:\fdlang\compiler\src\MiddleEnd\MoveAnalyzer.cpp">
      <Filter>Source Files</Filter>
    </ClCompile>
    <ClCompile Include="D:\fdlang\compiler\src\MiddleEnd\InitializationAnalyzer.cpp">
      <Filter>Source Files</Filter>
    </ClCompile>
    <ClCompile Include="D:\fdlang\compiler\src\MiddleEnd\LifetimeConstraintSolver.cpp">
      <Filter>Source Files</Filter>
    </ClCompile>
    <ClCompile Include="D:\fdlang\compiler\src\MiddleEnd\Mangle.cpp">
      <Filter>Source Files</Filter>
    </ClCompile>
    <ClCompile Include="D:\fdlang\compiler\src\MiddleEnd\SubstitutionVisitor.cpp">
      <Filter>Source Files</Filter>
    </ClCompile>
    <ClCompile Include="D:\fdlang\compiler\src\MiddleEnd\MonomorphizationEngine.cpp">
      <Filter>Source Files</Filter>
    </ClCompile>
    <ClCompile Include="D:\fdlang\compiler\src\MiddleEnd\ConstEvaluator.cpp">
      <Filter>Source Files</Filter>
    </ClCompile>
    <ClCompile Include="D:\fdlang\compiler\src\MiddleEnd\ComptimeEvaluator.cpp">
      <Filter>Source Files</Filter>
    </ClCompile>
    <ClCompile Include="D:\fdlang\compiler\src\MiddleEnd\SemanticAnalyzer.cpp">
      <Filter>Source Files</Filter>
    </ClCompile>
    <ClCompile Include="D:\fdlang\compiler\src\MiddleEnd\TraitSolver.cpp">
      <Filter>Source Files</Filter>
    </ClCompile>
    <ClCompile Include="D:\fdlang\compiler\src\MiddleEnd\MethodResolver.cpp">
      <Filter>Source Files</Filter>
    </ClCompile>
    <ClCompile Include="D:\fdlang\compiler\src\MiddleEnd\VisibilityLeakChecker.cpp">
      <Filter>Source Files</Filter>
    </ClCompile>
    <ClCompile Include="D:\fdlang\compiler\src\MiddleEnd\OperatorRegistry.cpp">
      <Filter>Source Files</Filter>
    </ClCompile>
    <ClCompile Include="D:\fdlang\compiler\src\MiddleEnd\Semantic\DropElaborator.cpp">
      <Filter>Source Files</Filter>
    </ClCompile>
    <ClCompile Include="D:\fdlang\compiler\src\MiddleEnd\Semantic\ObjectSafety.cpp">
      <Filter>Source Files</Filter>
    </ClCompile>
    <ClCompile Include="D:\fdlang\compiler\src\MiddleEnd\ABI\TraitObjectLayout.cpp">
      <Filter>Source Files</Filter>
    </ClCompile>
    <ClCompile Include="D:\fdlang\compiler\src\IR\MVIR.cpp">
      <Filter>Source Files</Filter>
    </ClCompile>
    <ClCompile Include="D:\fdlang\compiler\src\IR\MVIRGenerator.cpp">
      <Filter>Source Files</Filter>
    </ClCompile>
    <ClCompile Include="D:\fdlang\compiler\src\IR\IRVerifier.cpp">
      <Filter>Source Files</Filter>
    </ClCompile>
    <ClCompile Include="D:\fdlang\compiler\src\Optimizer\MVIROptimizer.cpp">
      <Filter>Source Files</Filter>
    </ClCompile>
    <ClCompile Include="D:\fdlang\compiler\src\BackEnd\LLVMIRGenerator.cpp">
      <Filter>Source Files</Filter>
    </ClCompile>
    <ClCompile Include="D:\fdlang\compiler\src\BackEnd\ExecutableGenerator.cpp">
      <Filter>Source Files</Filter>
    </ClCompile>
    <ClCompile Include="D:\fdlang\compiler\src\Support\Diagnostic.cpp">
      <Filter>Source Files</Filter>
    </ClCompile>
    <ClCompile Include="D:\fdlang\compiler\src\Support\OSUtils.cpp">
      <Filter>Source Files</Filter>
    </ClCompile>
    <ClCompile Include="D:\fdlang\compiler\src\Support\LLDLinker.cpp">
      <Filter>Source Files</Filter>
    </ClCompile>
    <ClCompile Include="D:\fdlang\compiler\src\Support\ClangLinker.cpp">
      <Filter>Source Files</Filter>
    </ClCompile>
    <ClCompile Include="D:\fdlang\compiler\src\MLib\BinaryReader.cpp">
      <Filter>Source Files</Filter>
    </ClCompile>
    <ClCompile Include="D:\fdlang\compiler\src\MLib\BinaryWriter.cpp">
      <Filter>Source Files</Filter>
    </ClCompile>
    <ClCompile Include="D:\fdlang\compiler\src\MLib\DebugInfoBuilder.cpp">
      <Filter>Source Files</Filter>
    </ClCompile>
    <ClCompile Include="D:\fdlang\compiler\src\MLib\DepGraphBuilder.cpp">
      <Filter>Source Files</Filter>
    </ClCompile>
    <ClCompile Include="D:\fdlang\compiler\src\MLib\Deserializer.cpp">
      <Filter>Source Files</Filter>
    </ClCompile>
    <ClCompile Include="D:\fdlang\compiler\src\MLib\DocSectionBuilder.cpp">
      <Filter>Source Files</Filter>
    </ClCompile>
    <ClCompile Include="D:\fdlang\compiler\src\MLib\GenericDeserializer.cpp">
      <Filter>Source Files</Filter>
    </ClCompile>
    <ClCompile Include="D:\fdlang\compiler\src\MLib\GenericMetadataBuilder.cpp">
      <Filter>Source Files</Filter>
    </ClCompile>
    <ClCompile Include="D:\fdlang\compiler\src\MLib\GenericSerializer.cpp">
      <Filter>Source Files</Filter>
    </ClCompile>
    <ClCompile Include="D:\fdlang\compiler\src\MLib\MLibGenerator.cpp">
      <Filter>Source Files</Filter>
    </ClCompile>
    <ClCompile Include="D:\fdlang\compiler\src\MLib\MLibMetadataCache.cpp">
      <Filter>Source Files</Filter>
    </ClCompile>
    <ClCompile Include="D:\fdlang\compiler\src\MLib\MacroMetadataBuilder.cpp">
      <Filter>Source Files</Filter>
    </ClCompile>
    <ClCompile Include="D:\fdlang\compiler\src\MLib\ManifestBuilder.cpp">
      <Filter>Source Files</Filter>
    </ClCompile>
    <ClCompile Include="D:\fdlang\compiler\src\MLib\MetadataBuilder.cpp">
      <Filter>Source Files</Filter>
    </ClCompile>
    <ClCompile Include="D:\fdlang\compiler\src\MLib\ModuleLoader.cpp">
      <Filter>Source Files</Filter>
    </ClCompile>
    <ClCompile Include="D:\fdlang\compiler\src\MLib\ObjectCodeBuilder.cpp">
      <Filter>Source Files</Filter>
    </ClCompile>
    <ClCompile Include="D:\fdlang\compiler\src\MLib\ObjectCodeExtractor.cpp">
      <Filter>Source Files</Filter>
    </ClCompile>
    <ClCompile Include="D:\fdlang\compiler\src\MLib\SemanticFingerprint.cpp">
      <Filter>Source Files</Filter>
    </ClCompile>
    <ClCompile Include="D:\fdlang\compiler\src\MLib\Serializer.cpp">
      <Filter>Source Files</Filter>
    </ClCompile>
    <ClCompile Include="D:\fdlang\compiler\src\MLib\StringTableBuilder.cpp">
      <Filter>Source Files</Filter>
    </ClCompile>
    <ClCompile Include="D:\fdlang\compiler\src\LSP\LSPServer.cpp">
      <Filter>Source Files</Filter>
    </ClCompile>
    <ClCompile Include="D:\fdlang\compiler\src\Core\CompilerSession.cpp">
      <Filter>Source Files</Filter>
    </ClCompile>
    <ClCompile Include="D:\fdlang\compiler\src\Core\DependencyScanner.cpp">
      <Filter>Source Files</Filter>
    </ClCompile>
    <ClCompile Include="D:\fdlang\compiler\src\Core\Intrinsic.cpp">
      <Filter>Source Files</Filter>
    </ClCompile>
    <ClCompile Include="D:\fdlang\compiler\src\Core\ModuleDepGraph.cpp">
      <Filter>Source Files</Filter>
    </ClCompile>
    <ClCompile Include="D:\fdlang\compiler\src\Core\SourceManager.cpp">
      <Filter>Source Files</Filter>
    </ClCompile>
    <ClCompile Include="D:\fdlang\compiler\src\Core\WellKnownTraits.cpp">
      <Filter>Source Files</Filter>
    </ClCompile>
    <ClCompile Include="D:\fdlang\compiler\src\Core\WorkspaceBuilder.cpp">
      <Filter>Source Files</Filter>
    </ClCompile>
  </ItemGroup>
  <ItemGroup>
    <CustomBuild Include="D:\fdlang\compiler\CMakeLists.txt" />
  </ItemGroup>
  <ItemGroup>
    <Filter Include="Source Files">
      <UniqueIdentifier>{A3F40800-3E4B-3656-A10F-F8EF8936C162}</UniqueIdentifier>
    </Filter>
  </ItemGroup>
</Project>
