<?xml version="1.0" encoding="utf-8"?>
<Project ToolsVersion="18.0" xmlns="http://schemas.microsoft.com/developer/msbuild/2003">
  <ItemGroup>
    <CustomBuild Include="D:\fdlang\build_release\CMakeFiles\3f81a51640109df76d4498b5e0d641b2\INSTALL_force.rule">
      <Filter>CMake Rules</Filter>
    </CustomBuild>
  </ItemGroup>
  <ItemGroup>
    <Filter Include="CMake Rules">
      <UniqueIdentifier>{1D5E4554-309B-3962-A01D-DBC1944F9162}</UniqueIdentifier>
    </Filter>
  </ItemGroup>
</Project>
