<?xml version="1.0" encoding="utf-8"?>
<Project ToolsVersion="18.0" xmlns="http://schemas.microsoft.com/developer/msbuild/2003">
  <ItemGroup>
    <ClCompile Include="D:\fdlang\runtime\src\memory\memory.c">
      <Filter>Source Files</Filter>
    </ClCompile>
    <ClCompile Include="D:\fdlang\runtime\src\panic\panic.c">
      <Filter>Source Files</Filter>
    </ClCompile>
    <ClCompile Include="D:\fdlang\runtime\src\io\io.c">
      <Filter>Source Files</Filter>
    </ClCompile>
    <ClCompile Include="D:\fdlang\runtime\src\startup\startup.c">
      <Filter>Source Files</Filter>
    </ClCompile>
    <ClCompile Include="D:\fdlang\runtime\src\platform\windows\threading.c">
      <Filter>Source Files</Filter>
    </ClCompile>
    <ClCompile Include="D:\fdlang\runtime\src\platform\windows\sync.c">
      <Filter>Source Files</Filter>
    </ClCompile>
  </ItemGroup>
  <ItemGroup>
    <CustomBuild Include="D:\fdlang\runtime\CMakeLists.txt" />
  </ItemGroup>
  <ItemGroup>
    <Filter Include="Source Files">
      <UniqueIdentifier>{A3F40800-3E4B-3656-A10F-F8EF8936C162}</UniqueIdentifier>
    </Filter>
  </ItemGroup>
</Project>
